
Microsoft Visual Studio Solution File, Format Version 12.00
# Visual Studio 15
VisualStudioVersion = 15.0.27428.2037
MinimumVisualStudioVersion = 10.0.40219.1
Project("{FAE04EC0-301F-11D3-BF4B-00C04F79EFBC}") = "RPGgame", "RPGgame\RPGgame.csproj", "{B6F05AA7-D99C-464B-AC74-6744B65F061D}"
EndProject
Global
	GlobalSection(SolutionConfigurationPlatforms) = preSolution
		Debug|Any CPU = Debug|Any CPU
		Release|Any CPU = Release|Any CPU
	EndGlobalSection
	GlobalSection(ProjectConfigurationPlatforms) = postSolution
		{B6F05AA7-D99C-464B-AC74-6744B65F061D}.Debug|Any CPU.ActiveCfg = Debug|Any CPU
		{B6F05AA7-D99C-464B-AC74-6744B65F061D}.Debug|Any CPU.Build.0 = Debug|Any CPU
		{B6F05AA7-D99C-464B-AC74-6744B65F061D}.Release|Any CPU.ActiveCfg = Release|Any CPU
		{B6F05AA7-D99C-464B-AC74-6744B65F061D}.Release|Any CPU.Build.0 = Release|Any CPU
	EndGlobalSection
	GlobalSection(SolutionProperties) = preSolution
		HideSolutionNode = FALSE
	EndGlobalSection
	GlobalSection(ExtensibilityGlobals) = postSolution
		SolutionGuid = {EB014CE4-6577-49CD-B2E2-F34157FCDE61}
	EndGlobalSection
EndGlobal
