
Microsoft Visual Studio Solution File, Format Version 12.00
# Visual Studio 15
VisualStudioVersion = 15.0.27428.2037
MinimumVisualStudioVersion = 10.0.40219.1
Project("{FAE04EC0-301F-11D3-BF4B-00C04F79EFBC}") = "Lab-4", "Lab-4\Lab-4.csproj", "{6A248FC5-87D4-485B-A79B-956FCAD10FF4}"
EndProject
Global
	GlobalSection(SolutionConfigurationPlatforms) = preSolution
		Debug|Any CPU = Debug|Any CPU
		Release|Any CPU = Release|Any CPU
	EndGlobalSection
	GlobalSection(ProjectConfigurationPlatforms) = postSolution
		{6A248FC5-87D4-485B-A79B-956FCAD10FF4}.Debug|Any CPU.ActiveCfg = Debug|Any CPU
		{6A248FC5-87D4-485B-A79B-956FCAD10FF4}.Debug|Any CPU.Build.0 = Debug|Any CPU
		{6A248FC5-87D4-485B-A79B-956FCAD10FF4}.Release|Any CPU.ActiveCfg = Release|Any CPU
		{6A248FC5-87D4-485B-A79B-956FCAD10FF4}.Release|Any CPU.Build.0 = Release|Any CPU
	EndGlobalSection
	GlobalSection(SolutionProperties) = preSolution
		HideSolutionNode = FALSE
	EndGlobalSection
	GlobalSection(ExtensibilityGlobals) = postSolution
		SolutionGuid = {EA1004AF-F83B-47BB-B268-A0EFD2004FAE}
	EndGlobalSection
EndGlobal
