
Microsoft Visual Studio Solution File, Format Version 12.00
# Visual Studio 15
VisualStudioVersion = 15.0.27428.2037
MinimumVisualStudioVersion = 10.0.40219.1
Project("{FAE04EC0-301F-11D3-BF4B-00C04F79EFBC}") = "HW 1", "Lab 4\HW 1.csproj", "{EFC4A655-446D-4C68-AE4E-5F66D133D80E}"
EndProject
Global
	GlobalSection(SolutionConfigurationPlatforms) = preSolution
		Debug|Any CPU = Debug|Any CPU
		Release|Any CPU = Release|Any CPU
	EndGlobalSection
	GlobalSection(ProjectConfigurationPlatforms) = postSolution
		{EFC4A655-446D-4C68-AE4E-5F66D133D80E}.Debug|Any CPU.ActiveCfg = Debug|Any CPU
		{EFC4A655-446D-4C68-AE4E-5F66D133D80E}.Debug|Any CPU.Build.0 = Debug|Any CPU
		{EFC4A655-446D-4C68-AE4E-5F66D133D80E}.Release|Any CPU.ActiveCfg = Release|Any CPU
		{EFC4A655-446D-4C68-AE4E-5F66D133D80E}.Release|Any CPU.Build.0 = Release|Any CPU
	EndGlobalSection
	GlobalSection(SolutionProperties) = preSolution
		HideSolutionNode = FALSE
	EndGlobalSection
	GlobalSection(ExtensibilityGlobals) = postSolution
		SolutionGuid = {FEE0F50C-BBCF-48DF-B056-0E335930B880}
	EndGlobalSection
EndGlobal
