
Microsoft Visual Studio Solution File, Format Version 12.00
# Visual Studio 15
VisualStudioVersion = 15.0.27428.2037
MinimumVisualStudioVersion = 10.0.40219.1
Project("{FAE04EC0-301F-11D3-BF4B-00C04F79EFBC}") = "MakingChange", "MakingChange\MakingChange.csproj", "{7842BBC8-A210-489F-84CA-1E3F71A3B235}"
EndProject
Global
	GlobalSection(SolutionConfigurationPlatforms) = preSolution
		Debug|Any CPU = Debug|Any CPU
		Release|Any CPU = Release|Any CPU
	EndGlobalSection
	GlobalSection(ProjectConfigurationPlatforms) = postSolution
		{7842BBC8-A210-489F-84CA-1E3F71A3B235}.Debug|Any CPU.ActiveCfg = Debug|Any CPU
		{7842BBC8-A210-489F-84CA-1E3F71A3B235}.Debug|Any CPU.Build.0 = Debug|Any CPU
		{7842BBC8-A210-489F-84CA-1E3F71A3B235}.Release|Any CPU.ActiveCfg = Release|Any CPU
		{7842BBC8-A210-489F-84CA-1E3F71A3B235}.Release|Any CPU.Build.0 = Release|Any CPU
	EndGlobalSection
	GlobalSection(SolutionProperties) = preSolution
		HideSolutionNode = FALSE
	EndGlobalSection
	GlobalSection(ExtensibilityGlobals) = postSolution
		SolutionGuid = {8849C2B4-6EA4-41AA-8619-92C0841B2DCF}
	EndGlobalSection
EndGlobal
